
Microsoft Visual Studio Solution File, Format Version 12.00
# Visual Studio 2013
VisualStudioVersion = 12.0.31101.0
MinimumVisualStudioVersion = 10.0.40219.1
Project("{FAE04EC0-301F-11D3-BF4B-00C04F79EFBC}") = "ArbitesEto2", "ArbitesEto2\ArbitesEto2.csproj", "{B1797CCA-241F-4036-9371-9319E24C0E6F}"
EndProject
Project("{FAE04EC0-301F-11D3-BF4B-00C04F79EFBC}") = "ArbitesEto2.Gtk2", "ArbitesEto2.Gtk2\ArbitesEto2.Gtk2.csproj", "{5F461796-F3C3-4B5E-BFE7-090B24E8453A}"
EndProject
Project("{FAE04EC0-301F-11D3-BF4B-00C04F79EFBC}") = "ArbitesEto2.Gtk3", "ArbitesEto2.Gtk3\ArbitesEto2.Gtk3.csproj", "{EEFE6AB4-70F6-4330-8778-46F985AD019C}"
EndProject
Project("{FAE04EC0-301F-11D3-BF4B-00C04F79EFBC}") = "ArbitesEto2.Wpf", "ArbitesEto2.Wpf\ArbitesEto2.Wpf.csproj", "{9E2B87B8-2ABE-4B35-A6F6-81CBA0B10B31}"
EndProject
Project("{FAE04EC0-301F-11D3-BF4B-00C04F79EFBC}") = "ArbitesEto2.WinForms", "ArbitesEto2.WinForms\ArbitesEto2.WinForms.csproj", "{8061F354-E506-40B1-B9E3-EA85018A8FEE}"
EndProject
Project("{FAE04EC0-301F-11D3-BF4B-00C04F79EFBC}") = "ArbitesEto2.Mac", "ArbitesEto2.Mac\ArbitesEto2.Mac.csproj", "{0FC324F2-6183-4723-ABC4-5D41B8AF7D42}"
EndProject
Global
	GlobalSection(SolutionConfigurationPlatforms) = preSolution
		Debug|Any CPU = Debug|Any CPU
		Release|Any CPU = Release|Any CPU
	EndGlobalSection
	GlobalSection(ProjectConfigurationPlatforms) = postSolution
		{B1797CCA-241F-4036-9371-9319E24C0E6F}.Debug|Any CPU.ActiveCfg = Debug|Any CPU
		{B1797CCA-241F-4036-9371-9319E24C0E6F}.Debug|Any CPU.Build.0 = Debug|Any CPU
		{B1797CCA-241F-4036-9371-9319E24C0E6F}.Release|Any CPU.ActiveCfg = Release|Any CPU
		{B1797CCA-241F-4036-9371-9319E24C0E6F}.Release|Any CPU.Build.0 = Release|Any CPU
		{5F461796-F3C3-4B5E-BFE7-090B24E8453A}.Debug|Any CPU.ActiveCfg = Debug|Any CPU
		{5F461796-F3C3-4B5E-BFE7-090B24E8453A}.Debug|Any CPU.Build.0 = Debug|Any CPU
		{5F461796-F3C3-4B5E-BFE7-090B24E8453A}.Release|Any CPU.ActiveCfg = Release|Any CPU
		{5F461796-F3C3-4B5E-BFE7-090B24E8453A}.Release|Any CPU.Build.0 = Release|Any CPU
		{EEFE6AB4-70F6-4330-8778-46F985AD019C}.Debug|Any CPU.ActiveCfg = Debug|Any CPU
		{EEFE6AB4-70F6-4330-8778-46F985AD019C}.Debug|Any CPU.Build.0 = Debug|Any CPU
		{EEFE6AB4-70F6-4330-8778-46F985AD019C}.Release|Any CPU.ActiveCfg = Release|Any CPU
		{EEFE6AB4-70F6-4330-8778-46F985AD019C}.Release|Any CPU.Build.0 = Release|Any CPU
		{9E2B87B8-2ABE-4B35-A6F6-81CBA0B10B31}.Debug|Any CPU.ActiveCfg = Debug|Any CPU
		{9E2B87B8-2ABE-4B35-A6F6-81CBA0B10B31}.Debug|Any CPU.Build.0 = Debug|Any CPU
		{9E2B87B8-2ABE-4B35-A6F6-81CBA0B10B31}.Release|Any CPU.ActiveCfg = Release|Any CPU
		{9E2B87B8-2ABE-4B35-A6F6-81CBA0B10B31}.Release|Any CPU.Build.0 = Release|Any CPU
		{8061F354-E506-40B1-B9E3-EA85018A8FEE}.Debug|Any CPU.ActiveCfg = Debug|Any CPU
		{8061F354-E506-40B1-B9E3-EA85018A8FEE}.Debug|Any CPU.Build.0 = Debug|Any CPU
		{8061F354-E506-40B1-B9E3-EA85018A8FEE}.Release|Any CPU.ActiveCfg = Release|Any CPU
		{8061F354-E506-40B1-B9E3-EA85018A8FEE}.Release|Any CPU.Build.0 = Release|Any CPU
		{0FC324F2-6183-4723-ABC4-5D41B8AF7D42}.Debug|Any CPU.ActiveCfg = Debug|Any CPU
		{0FC324F2-6183-4723-ABC4-5D41B8AF7D42}.Debug|Any CPU.Build.0 = Debug|Any CPU
		{0FC324F2-6183-4723-ABC4-5D41B8AF7D42}.Release|Any CPU.ActiveCfg = Release|Any CPU
		{0FC324F2-6183-4723-ABC4-5D41B8AF7D42}.Release|Any CPU.Build.0 = Release|Any CPU
	EndGlobalSection
	GlobalSection(SolutionProperties) = preSolution
		HideSolutionNode = FALSE
	EndGlobalSection
EndGlobal
